
Microsoft Visual Studio Solution File, Format Version 11.00
# Visual Studio 2010
Project("{FAE04EC0-301F-11D3-BF4B-00C04F79EFBC}") = "StagedCountdownTimer", "StagedCountdownTimer\StagedCountdownTimer.csproj", "{7DD3F80D-9ADE-49F7-A4F8-170A37970795}"
EndProject
Global
	GlobalSection(SolutionConfigurationPlatforms) = preSolution
		Debug|x86 = Debug|x86
		Release|x86 = Release|x86
	EndGlobalSection
	GlobalSection(ProjectConfigurationPlatforms) = postSolution
		{7DD3F80D-9ADE-49F7-A4F8-170A37970795}.Debug|x86.ActiveCfg = Debug|x86
		{7DD3F80D-9ADE-49F7-A4F8-170A37970795}.Debug|x86.Build.0 = Debug|x86
		{7DD3F80D-9ADE-49F7-A4F8-170A37970795}.Release|x86.ActiveCfg = Release|x86
		{7DD3F80D-9ADE-49F7-A4F8-170A37970795}.Release|x86.Build.0 = Release|x86
	EndGlobalSection
	GlobalSection(SolutionProperties) = preSolution
		HideSolutionNode = FALSE
	EndGlobalSection
EndGlobal
